
Microsoft Visual Studio Solution File, Format Version 12.00
# Visual Studio Version 17
VisualStudioVersion = 17.8.34322.80
MinimumVisualStudioVersion = 10.0.40219.1
Project("{FAE04EC0-301F-11D3-BF4B-00C04F79EFBC}") = "Lemmings2024", "Lemmings2024.csproj", "{BCCF2CEC-F206-49CE-B47D-F1C421946DEA}"
EndProject
Global
	GlobalSection(SolutionConfigurationPlatforms) = preSolution
		Debug|Any CPU = Debug|Any CPU
		Release|Any CPU = Release|Any CPU
	EndGlobalSection
	GlobalSection(ProjectConfigurationPlatforms) = postSolution
		{BCCF2CEC-F206-49CE-B47D-F1C421946DEA}.Debug|Any CPU.ActiveCfg = Debug|Any CPU
		{BCCF2CEC-F206-49CE-B47D-F1C421946DEA}.Debug|Any CPU.Build.0 = Debug|Any CPU
		{BCCF2CEC-F206-49CE-B47D-F1C421946DEA}.Release|Any CPU.ActiveCfg = Release|Any CPU
		{BCCF2CEC-F206-49CE-B47D-F1C421946DEA}.Release|Any CPU.Build.0 = Release|Any CPU
	EndGlobalSection
	GlobalSection(SolutionProperties) = preSolution
		HideSolutionNode = FALSE
	EndGlobalSection
	GlobalSection(ExtensibilityGlobals) = postSolution
		SolutionGuid = {7AF51A8C-BB27-4F2D-A8F4-39F660246EC9}
	EndGlobalSection
EndGlobal
